github.com/AHuangMeow/hacker-support v0.0.0-20251112135538-c21491d87e07 h1:6QrUMwztrA1/p+iyTr/MzsAEYVcXK51XYq7f8s6queI=
github.com/AHuangMeow/hacker-support v0.0.0-20251112135538-c21491d87e07/go.mod h1:C4QMuui//LGUzPLD6PGjYoVFqOlh162oVeg232+d8cA=
github.com/blackfireio/osinfo v1.0.2 h1:u3ds4GS9l+WGEnNP0R7ED3JxhTXNd0Upg/Lg1rJZRCw=
github.com/blackfireio/osinfo v1.0.2/go.mod h1:Pd987poVNmd5Wsx6PRPw4+w7kLlf9iJxoRKPtPAjOrA=
